
Microsoft Visual Studio Solution File, Format Version 12.00
# Visual Studio Version 17
VisualStudioVersion = 17.14.36301.6 d17.14
MinimumVisualStudioVersion = 10.0.40219.1
Project("{FAE04EC0-301F-11D3-BF4B-00C04F79EFBC}") = "SistemaBiblioteca", "SistemaBiblioteca\SistemaBiblioteca.csproj", "{5F3C48A6-03AE-4802-A635-5F2F821EFDBB}"
EndProject
Global
	GlobalSection(SolutionConfigurationPlatforms) = preSolution
		Debug|Any CPU = Debug|Any CPU
		Release|Any CPU = Release|Any CPU
	EndGlobalSection
	GlobalSection(ProjectConfigurationPlatforms) = postSolution
		{5F3C48A6-03AE-4802-A635-5F2F821EFDBB}.Debug|Any CPU.ActiveCfg = Debug|Any CPU
		{5F3C48A6-03AE-4802-A635-5F2F821EFDBB}.Debug|Any CPU.Build.0 = Debug|Any CPU
		{5F3C48A6-03AE-4802-A635-5F2F821EFDBB}.Release|Any CPU.ActiveCfg = Release|Any CPU
		{5F3C48A6-03AE-4802-A635-5F2F821EFDBB}.Release|Any CPU.Build.0 = Release|Any CPU
	EndGlobalSection
	GlobalSection(SolutionProperties) = preSolution
		HideSolutionNode = FALSE
	EndGlobalSection
	GlobalSection(ExtensibilityGlobals) = postSolution
		SolutionGuid = {655A5EA5-72A0-4F0B-BD44-1F9A2B47CC59}
	EndGlobalSection
EndGlobal
